
Microsoft Visual Studio Solution File, Format Version 12.00
# Visual Studio Version 16
VisualStudioVersion = 16.0.30011.22
MinimumVisualStudioVersion = 10.0.40219.1
Project("{FAE04EC0-301F-11D3-BF4B-00C04F79EFBC}") = "Parser", "Parser\Parser.csproj", "{34EEBA25-27A7-4BDA-9A9E-3EE964BF8DCF}"
EndProject
Project("{FAE04EC0-301F-11D3-BF4B-00C04F79EFBC}") = "ParserV2", "ParserV2\ParserV2.csproj", "{BC687E53-3C07-4823-8440-7F94A92C177E}"
EndProject
Project("{FAE04EC0-301F-11D3-BF4B-00C04F79EFBC}") = "ParserV3", "ParserV3\ParserV3.csproj", "{583FD8EF-0219-4949-94C5-D3C811B9D228}"
EndProject
Global
	GlobalSection(SolutionConfigurationPlatforms) = preSolution
		Debug|Any CPU = Debug|Any CPU
		Release|Any CPU = Release|Any CPU
	EndGlobalSection
	GlobalSection(ProjectConfigurationPlatforms) = postSolution
		{34EEBA25-27A7-4BDA-9A9E-3EE964BF8DCF}.Debug|Any CPU.ActiveCfg = Debug|Any CPU
		{34EEBA25-27A7-4BDA-9A9E-3EE964BF8DCF}.Debug|Any CPU.Build.0 = Debug|Any CPU
		{34EEBA25-27A7-4BDA-9A9E-3EE964BF8DCF}.Release|Any CPU.ActiveCfg = Release|Any CPU
		{34EEBA25-27A7-4BDA-9A9E-3EE964BF8DCF}.Release|Any CPU.Build.0 = Release|Any CPU
		{BC687E53-3C07-4823-8440-7F94A92C177E}.Debug|Any CPU.ActiveCfg = Debug|Any CPU
		{BC687E53-3C07-4823-8440-7F94A92C177E}.Debug|Any CPU.Build.0 = Debug|Any CPU
		{BC687E53-3C07-4823-8440-7F94A92C177E}.Release|Any CPU.ActiveCfg = Release|Any CPU
		{BC687E53-3C07-4823-8440-7F94A92C177E}.Release|Any CPU.Build.0 = Release|Any CPU
		{583FD8EF-0219-4949-94C5-D3C811B9D228}.Debug|Any CPU.ActiveCfg = Debug|Any CPU
		{583FD8EF-0219-4949-94C5-D3C811B9D228}.Debug|Any CPU.Build.0 = Debug|Any CPU
		{583FD8EF-0219-4949-94C5-D3C811B9D228}.Release|Any CPU.ActiveCfg = Release|Any CPU
		{583FD8EF-0219-4949-94C5-D3C811B9D228}.Release|Any CPU.Build.0 = Release|Any CPU
	EndGlobalSection
	GlobalSection(SolutionProperties) = preSolution
		HideSolutionNode = FALSE
	EndGlobalSection
	GlobalSection(ExtensibilityGlobals) = postSolution
		SolutionGuid = {6D14B9F8-4342-4195-9BD2-03D3EEFBD3E8}
	EndGlobalSection
EndGlobal
